
Microsoft Visual Studio Solution File, Format Version 12.00
# Visual Studio Version 17
VisualStudioVersion = 17.7.34031.279
MinimumVisualStudioVersion = 10.0.40219.1
Project("{FAE04EC0-301F-11D3-BF4B-00C04F79EFBC}") = "task111111", "task111111\task111111.csproj", "{4CF25B26-C26B-4118-9D3E-B2BC5A6EDC74}"
EndProject
Global
	GlobalSection(SolutionConfigurationPlatforms) = preSolution
		Debug|Any CPU = Debug|Any CPU
		Release|Any CPU = Release|Any CPU
	EndGlobalSection
	GlobalSection(ProjectConfigurationPlatforms) = postSolution
		{4CF25B26-C26B-4118-9D3E-B2BC5A6EDC74}.Debug|Any CPU.ActiveCfg = Debug|Any CPU
		{4CF25B26-C26B-4118-9D3E-B2BC5A6EDC74}.Debug|Any CPU.Build.0 = Debug|Any CPU
		{4CF25B26-C26B-4118-9D3E-B2BC5A6EDC74}.Release|Any CPU.ActiveCfg = Release|Any CPU
		{4CF25B26-C26B-4118-9D3E-B2BC5A6EDC74}.Release|Any CPU.Build.0 = Release|Any CPU
	EndGlobalSection
	GlobalSection(SolutionProperties) = preSolution
		HideSolutionNode = FALSE
	EndGlobalSection
	GlobalSection(ExtensibilityGlobals) = postSolution
		SolutionGuid = {87029393-26DB-49EC-BD00-D2EB00638C62}
	EndGlobalSection
EndGlobal
